// !$*UTF8*$!
{
	archiveVersion = 1;
	classes = {
	};
	objectVersion = 50;
	objects = {

/* Begin PBXBuildFile section */
		3738C6CE24D0EE080010AFBB /* AppDelegate.m in Sources */ = {isa = PBXBuildFile; fileRef = 3738C6CD24D0EE080010AFBB /* AppDelegate.m */; };
		3738C6D124D0EE080010AFBB /* SceneDelegate.m in Sources */ = {isa = PBXBuildFile; fileRef = 3738C6D024D0EE080010AFBB /* SceneDelegate.m */; };
		3738C6D424D0EE080010AFBB /* ViewController.m in Sources */ = {isa = PBXBuildFile; fileRef = 3738C6D324D0EE080010AFBB /* ViewController.m */; };
		3738C6D724D0EE080010AFBB /* Main.storyboard in Resources */ = {isa = PBXBuildFile; fileRef = 3738C6D524D0EE080010AFBB /* Main.storyboard */; };
		3738C6D924D0EE0B0010AFBB /* Assets.xcassets in Resources */ = {isa = PBXBuildFile; fileRef = 3738C6D824D0EE0B0010AFBB /* Assets.xcassets */; };
		3738C6DC24D0EE0B0010AFBB /* LaunchScreen.storyboard in Resources */ = {isa = PBXBuildFile; fileRef = 3738C6DA24D0EE0B0010AFBB /* LaunchScreen.storyboard */; };
		3738C6DF24D0EE0B0010AFBB /* main.m in Sources */ = {isa = PBXBuildFile; fileRef = 3738C6DE24D0EE0B0010AFBB /* main.m */; };
		379745D024D8DA570058A369 /* simpsons1.png in Resources */ = {isa = PBXBuildFile; fileRef = 379745C424D8DA570058A369 /* simpsons1.png */; };
		379745D124D8DA570058A369 /* simpsons7.jpeg in Resources */ = {isa = PBXBuildFile; fileRef = 379745C524D8DA570058A369 /* simpsons7.jpeg */; };
		379745D224D8DA570058A369 /* simpsons10.jpeg in Resources */ = {isa = PBXBuildFile; fileRef = 379745C624D8DA570058A369 /* simpsons10.jpeg */; };
		379745D324D8DA570058A369 /* simpsons2.jpeg in Resources */ = {isa = PBXBuildFile; fileRef = 379745C724D8DA570058A369 /* simpsons2.jpeg */; };
		379745D424D8DA570058A369 /* simpsons5.jpeg in Resources */ = {isa = PBXBuildFile; fileRef = 379745C824D8DA570058A369 /* simpsons5.jpeg */; };
		379745D524D8DA570058A369 /* simpsons3.png in Resources */ = {isa = PBXBuildFile; fileRef = 379745C924D8DA570058A369 /* simpsons3.png */; };
		379745D624D8DA570058A369 /* simpsons12.jpeg in Resources */ = {isa = PBXBuildFile; fileRef = 379745CA24D8DA570058A369 /* simpsons12.jpeg */; };
		379745D724D8DA570058A369 /* simpsons8.jpeg in Resources */ = {isa = PBXBuildFile; fileRef = 379745CB24D8DA570058A369 /* simpsons8.jpeg */; };
		379745D824D8DA570058A369 /* simpsons9.jpeg in Resources */ = {isa = PBXBuildFile; fileRef = 379745CC24D8DA570058A369 /* simpsons9.jpeg */; };
		379745D924D8DA570058A369 /* simpsons11.jpeg in Resources */ = {isa = PBXBuildFile; fileRef = 379745CD24D8DA570058A369 /* simpsons11.jpeg */; };
		379745DA24D8DA570058A369 /* simpsons6.jpeg in Resources */ = {isa = PBXBuildFile; fileRef = 379745CE24D8DA570058A369 /* simpsons6.jpeg */; };
		379745DB24D8DA570058A369 /* simpsons4.jpeg in Resources */ = {isa = PBXBuildFile; fileRef = 379745CF24D8DA570058A369 /* simpsons4.jpeg */; };
/* End PBXBuildFile section */

/* Begin PBXFileReference section */
		3738C6C924D0EE080010AFBB /* DigitalFrame.app */ = {isa = PBXFileReference; explicitFileType = wrapper.application; includeInIndex = 0; path = DigitalFrame.app; sourceTree = BUILT_PRODUCTS_DIR; };
		3738C6CC24D0EE080010AFBB /* AppDelegate.h */ = {isa = PBXFileReference; lastKnownFileType = sourcecode.c.h; path = AppDelegate.h; sourceTree = "<group>"; };
		3738C6CD24D0EE080010AFBB /* AppDelegate.m */ = {isa = PBXFileReference; lastKnownFileType = sourcecode.c.objc; path = AppDelegate.m; sourceTree = "<group>"; };
		3738C6CF24D0EE080010AFBB /* SceneDelegate.h */ = {isa = PBXFileReference; lastKnownFileType = sourcecode.c.h; path = SceneDelegate.h; sourceTree = "<group>"; };
		3738C6D024D0EE080010AFBB /* SceneDelegate.m */ = {isa = PBXFileReference; lastKnownFileType = sourcecode.c.objc; path = SceneDelegate.m; sourceTree = "<group>"; };
		3738C6D224D0EE080010AFBB /* ViewController.h */ = {isa = PBXFileReference; lastKnownFileType = sourcecode.c.h; path = ViewController.h; sourceTree = "<group>"; };
		3738C6D324D0EE080010AFBB /* ViewController.m */ = {isa = PBXFileReference; lastKnownFileType = sourcecode.c.objc; path = ViewController.m; sourceTree = "<group>"; };
		3738C6D624D0EE080010AFBB /* Base */ = {isa = PBXFileReference; lastKnownFileType = file.storyboard; name = Base; path = Base.lproj/Main.storyboard; sourceTree = "<group>"; };
		3738C6D824D0EE0B0010AFBB /* Assets.xcassets */ = {isa = PBXFileReference; lastKnownFileType = folder.assetcatalog; path = Assets.xcassets; sourceTree = "<group>"; };
		3738C6DB24D0EE0B0010AFBB /* Base */ = {isa = PBXFileReference; lastKnownFileType = file.storyboard; name = Base; path = Base.lproj/LaunchScreen.storyboard; sourceTree = "<group>"; };
		3738C6DD24D0EE0B0010AFBB /* Info.plist */ = {isa = PBXFileReference; lastKnownFileType = text.plist.xml; path = Info.plist; sourceTree = "<group>"; };
		3738C6DE24D0EE0B0010AFBB /* main.m */ = {isa = PBXFileReference; lastKnownFileType = sourcecode.c.objc; path = main.m; sourceTree = "<group>"; };
		379745C424D8DA570058A369 /* simpsons1.png */ = {isa = PBXFileReference; lastKnownFileType = image.png; path = simpsons1.png; sourceTree = "<group>"; };
		379745C524D8DA570058A369 /* simpsons7.jpeg */ = {isa = PBXFileReference; lastKnownFileType = image.jpeg; path = simpsons7.jpeg; sourceTree = "<group>"; };
		379745C624D8DA570058A369 /* simpsons10.jpeg */ = {isa = PBXFileReference; lastKnownFileType = image.jpeg; path = simpsons10.jpeg; sourceTree = "<group>"; };
		379745C724D8DA570058A369 /* simpsons2.jpeg */ = {isa = PBXFileReference; lastKnownFileType = image.jpeg; path = simpsons2.jpeg; sourceTree = "<group>"; };
		379745C824D8DA570058A369 /* simpsons5.jpeg */ = {isa = PBXFileReference; lastKnownFileType = image.jpeg; path = simpsons5.jpeg; sourceTree = "<group>"; };
		379745C924D8DA570058A369 /* simpsons3.png */ = {isa = PBXFileReference; lastKnownFileType = image.png; path = simpsons3.png; sourceTree = "<group>"; };
		379745CA24D8DA570058A369 /* simpsons12.jpeg */ = {isa = PBXFileReference; lastKnownFileType = image.jpeg; path = simpsons12.jpeg; sourceTree = "<group>"; };
		379745CB24D8DA570058A369 /* simpsons8.jpeg */ = {isa = PBXFileReference; lastKnownFileType = image.jpeg; path = simpsons8.jpeg; sourceTree = "<group>"; };
		379745CC24D8DA570058A369 /* simpsons9.jpeg */ = {isa = PBXFileReference; lastKnownFileType = image.jpeg; path = simpsons9.jpeg; sourceTree = "<group>"; };
		379745CD24D8DA570058A369 /* simpsons11.jpeg */ = {isa = PBXFileReference; lastKnownFileType = image.jpeg; path = simpsons11.jpeg; sourceTree = "<group>"; };
		379745CE24D8DA570058A369 /* simpsons6.jpeg */ = {isa = PBXFileReference; lastKnownFileType = image.jpeg; path = simpsons6.jpeg; sourceTree = "<group>"; };
		379745CF24D8DA570058A369 /* simpsons4.jpeg */ = {isa = PBXFileReference; lastKnownFileType = image.jpeg; path = simpsons4.jpeg; sourceTree = "<group>"; };
/* End PBXFileReference section */

/* Begin PBXFrameworksBuildPhase section */
		3738C6C624D0EE080010AFBB /* Frameworks */ = {
			isa = PBXFrameworksBuildPhase;
			buildActionMask = 2147483647;
			files = (
			);
			runOnlyForDeploymentPostprocessing = 0;
		};
/* End PBXFrameworksBuildPhase section */

/* Begin PBXGroup section */
		3738C6C024D0EE080010AFBB = {
			isa = PBXGroup;
			children = (
				3738C6CB24D0EE080010AFBB /* DigitalFrame */,
				3738C6CA24D0EE080010AFBB /* Products */,
			);
			sourceTree = "<group>";
		};
		3738C6CA24D0EE080010AFBB /* Products */ = {
			isa = PBXGroup;
			children = (
				3738C6C924D0EE080010AFBB /* DigitalFrame.app */,
			);
			name = Products;
			sourceTree = "<group>";
		};
		3738C6CB24D0EE080010AFBB /* DigitalFrame */ = {
			isa = PBXGroup;
			children = (
				3738C6E524D0F0910010AFBB /* Resource */,
				3738C6CC24D0EE080010AFBB /* AppDelegate.h */,
				3738C6CD24D0EE080010AFBB /* AppDelegate.m */,
				3738C6CF24D0EE080010AFBB /* SceneDelegate.h */,
				3738C6D024D0EE080010AFBB /* SceneDelegate.m */,
				3738C6D224D0EE080010AFBB /* ViewController.h */,
				3738C6D324D0EE080010AFBB /* ViewController.m */,
				3738C6D524D0EE080010AFBB /* Main.storyboard */,
				3738C6D824D0EE0B0010AFBB /* Assets.xcassets */,
				3738C6DA24D0EE0B0010AFBB /* LaunchScreen.storyboard */,
				3738C6DD24D0EE0B0010AFBB /* Info.plist */,
				3738C6DE24D0EE0B0010AFBB /* main.m */,
			);
			path = DigitalFrame;
			sourceTree = "<group>";
		};
		3738C6E524D0F0910010AFBB /* Resource */ = {
			isa = PBXGroup;
			children = (
				379745C424D8DA570058A369 /* simpsons1.png */,
				379745C724D8DA570058A369 /* simpsons2.jpeg */,
				379745C924D8DA570058A369 /* simpsons3.png */,
				379745CF24D8DA570058A369 /* simpsons4.jpeg */,
				379745C824D8DA570058A369 /* simpsons5.jpeg */,
				379745CE24D8DA570058A369 /* simpsons6.jpeg */,
				379745C524D8DA570058A369 /* simpsons7.jpeg */,
				379745CB24D8DA570058A369 /* simpsons8.jpeg */,
				379745CC24D8DA570058A369 /* simpsons9.jpeg */,
				379745C624D8DA570058A369 /* simpsons10.jpeg */,
				379745CD24D8DA570058A369 /* simpsons11.jpeg */,
				379745CA24D8DA570058A369 /* simpsons12.jpeg */,
			);
			path = Resource;
			sourceTree = "<group>";
		};
/* End PBXGroup section */

/* Begin PBXNativeTarget section */
		3738C6C824D0EE080010AFBB /* DigitalFrame */ = {
			isa = PBXNativeTarget;
			buildConfigurationList = 3738C6E224D0EE0B0010AFBB /* Build configuration list for PBXNativeTarget "DigitalFrame" */;
			buildPhases = (
				3738C6C524D0EE080010AFBB /* Sources */,
				3738C6C624D0EE080010AFBB /* Frameworks */,
				3738C6C724D0EE080010AFBB /* Resources */,
			);
			buildRules = (
			);
			dependencies = (
			);
			name = DigitalFrame;
			productName = DigitalFrame;
			productReference = 3738C6C924D0EE080010AFBB /* DigitalFrame.app */;
			productType = "com.apple.product-type.application";
		};
/* End PBXNativeTarget section */

/* Begin PBXProject section */
		3738C6C124D0EE080010AFBB /* Project object */ = {
			isa = PBXProject;
			attributes = {
				LastUpgradeCheck = 1160;
				ORGANIZATIONNAME = Dayside_Sam;
				TargetAttributes = {
					3738C6C824D0EE080010AFBB = {
						CreatedOnToolsVersion = 11.6;
					};
				};
			};
			buildConfigurationList = 3738C6C424D0EE080010AFBB /* Build configuration list for PBXProject "DigitalFrame" */;
			compatibilityVersion = "Xcode 9.3";
			developmentRegion = en;
			hasScannedForEncodings = 0;
			knownRegions = (
				en,
				Base,
			);
			mainGroup = 3738C6C024D0EE080010AFBB;
			productRefGroup = 3738C6CA24D0EE080010AFBB /* Products */;
			projectDirPath = "";
			projectRoot = "";
			targets = (
				3738C6C824D0EE080010AFBB /* DigitalFrame */,
			);
		};
/* End PBXProject section */

/* Begin PBXResourcesBuildPhase section */
		3738C6C724D0EE080010AFBB /* Resources */ = {
			isa = PBXResourcesBuildPhase;
			buildActionMask = 2147483647;
			files = (
				3738C6DC24D0EE0B0010AFBB /* LaunchScreen.storyboard in Resources */,
				379745D024D8DA570058A369 /* simpsons1.png in Resources */,
				379745D324D8DA570058A369 /* simpsons2.jpeg in Resources */,
				379745DB24D8DA570058A369 /* simpsons4.jpeg in Resources */,
				379745D424D8DA570058A369 /* simpsons5.jpeg in Resources */,
				379745D524D8DA570058A369 /* simpsons3.png in Resources */,
				3738C6D924D0EE0B0010AFBB /* Assets.xcassets in Resources */,
				379745DA24D8DA570058A369 /* simpsons6.jpeg in Resources */,
				379745D624D8DA570058A369 /* simpsons12.jpeg in Resources */,
				379745D124D8DA570058A369 /* simpsons7.jpeg in Resources */,
				379745D724D8DA570058A369 /* simpsons8.jpeg in Resources */,
				379745D224D8DA570058A369 /* simpsons10.jpeg in Resources */,
				379745D924D8DA570058A369 /* simpsons11.jpeg in Resources */,
				3738C6D724D0EE080010AFBB /* Main.storyboard in Resources */,
				379745D824D8DA570058A369 /* simpsons9.jpeg in Resources */,
			);
			runOnlyForDeploymentPostprocessing = 0;
		};
/* End PBXResourcesBuildPhase section */

/* Begin PBXSourcesBuildPhase section */
		3738C6C524D0EE080010AFBB /* Sources */ = {
			isa = PBXSourcesBuildPhase;
			buildActionMask = 2147483647;
			files = (
				3738C6D424D0EE080010AFBB /* ViewController.m in Sources */,
				3738C6CE24D0EE080010AFBB /* AppDelegate.m in Sources */,
				3738C6DF24D0EE0B0010AFBB /* main.m in Sources */,
				3738C6D124D0EE080010AFBB /* SceneDelegate.m in Sources */,
			);
			runOnlyForDeploymentPostprocessing = 0;
		};
/* End PBXSourcesBuildPhase section */

/* Begin PBXVariantGroup section */
		3738C6D524D0EE080010AFBB /* Main.storyboard */ = {
			isa = PBXVariantGroup;
			children = (
				3738C6D624D0EE080010AFBB /* Base */,
			);
			name = Main.storyboard;
			sourceTree = "<group>";
		};
		3738C6DA24D0EE0B0010AFBB /* LaunchScreen.storyboard */ = {
			isa = PBXVariantGroup;
			children = (
				3738C6DB24D0EE0B0010AFBB /* Base */,
			);
			name = LaunchScreen.storyboard;
			sourceTree = "<group>";
		};
/* End PBXVariantGroup section */

/* Begin XCBuildConfiguration section */
		3738C6E024D0EE0B0010AFBB /* Debug */ = {
			isa = XCBuildConfiguration;
			buildSettings = {
				ALWAYS_SEARCH_USER_PATHS = NO;
				CLANG_ANALYZER_NONNULL = YES;
				CLANG_ANALYZER_NUMBER_OBJECT_CONVERSION = YES_AGGRESSIVE;
				CLANG_CXX_LANGUAGE_STANDARD = "gnu++14";
				CLANG_CXX_LIBRARY = "libc++";
				CLANG_ENABLE_MODULES = YES;
				CLANG_ENABLE_OBJC_ARC = YES;
				CLANG_ENABLE_OBJC_WEAK = YES;
				CLANG_WARN_BLOCK_CAPTURE_AUTORELEASING = YES;
				CLANG_WARN_BOOL_CONVERSION = YES;
				CLANG_WARN_COMMA = YES;
				CLANG_WARN_CONSTANT_CONVERSION = YES;
				CLANG_WARN_DEPRECATED_OBJC_IMPLEMENTATIONS = YES;
				CLANG_WARN_DIRECT_OBJC_ISA_USAGE = YES_ERROR;
				CLANG_WARN_DOCUMENTATION_COMMENTS = YES;
				CLANG_WARN_EMPTY_BODY = YES;
				CLANG_WARN_ENUM_CONVERSION = YES;
				CLANG_WARN_INFINITE_RECURSION = YES;
				CLANG_WARN_INT_CONVERSION = YES;
				CLANG_WARN_NON_LITERAL_NULL_CONVERSION = YES;
				CLANG_WARN_OBJC_IMPLICIT_RETAIN_SELF = YES;
				CLANG_WARN_OBJC_LITERAL_CONVERSION = YES;
				CLANG_WARN_OBJC_ROOT_CLASS = YES_ERROR;
				CLANG_WARN_RANGE_LOOP_ANALYSIS = YES;
				CLANG_WARN_STRICT_PROTOTYPES = YES;
				CLANG_WARN_SUSPICIOUS_MOVE = YES;
				CLANG_WARN_UNGUARDED_AVAILABILITY = YES_AGGRESSIVE;
				CLANG_WARN_UNREACHABLE_CODE = YES;
				CLANG_WARN__DUPLICATE_METHOD_MATCH = YES;
				COPY_PHASE_STRIP = NO;
				DEBUG_INFORMATION_FORMAT = dwarf;
				ENABLE_STRICT_OBJC_MSGSEND = YES;
				ENABLE_TESTABILITY = YES;
				GCC_C_LANGUAGE_STANDARD = gnu11;
				GCC_DYNAMIC_NO_PIC = NO;
				GCC_NO_COMMON_BLOCKS = YES;
				GCC_OPTIMIZATION_LEVEL = 0;
				GCC_PREPROCESSOR_DEFINITIONS = (
					"DEBUG=1",
					"$(inherited)",
				);
				GCC_WARN_64_TO_32_BIT_CONVERSION = YES;
				GCC_WARN_ABOUT_RETURN_TYPE = YES_ERROR;
				GCC_WARN_UNDECLARED_SELECTOR = YES;
				GCC_WARN_UNINITIALIZED_AUTOS = YES_AGGRESSIVE;
				GCC_WARN_UNUSED_FUNCTION = YES;
				GCC_WARN_UNUSED_VARIABLE = YES;
				IPHONEOS_DEPLOYMENT_TARGET = 13.6;
				MTL_ENABLE_DEBUG_INFO = INCLUDE_SOURCE;
				MTL_FAST_MATH = YES;
				ONLY_ACTIVE_ARCH = YES;
				SDKROOT = iphoneos;
			};
			name = Debug;
		};
		3738C6E124D0EE0B0010AFBB /* Release */ = {
			isa = XCBuildConfiguration;
			buildSettings = {
				ALWAYS_SEARCH_USER_PATHS = NO;
				CLANG_ANALYZER_NONNULL = YES;
				CLANG_ANALYZER_NUMBER_OBJECT_CONVERSION = YES_AGGRESSIVE;
				CLANG_CXX_LANGUAGE_STANDARD = "gnu++14";
				CLANG_CXX_LIBRARY = "libc++";
				CLANG_ENABLE_MODULES = YES;
				CLANG_ENABLE_OBJC_ARC = YES;
				CLANG_ENABLE_OBJC_WEAK = YES;
				CLANG_WARN_BLOCK_CAPTURE_AUTORELEASING = YES;
				CLANG_WARN_BOOL_CONVERSION = YES;
				CLANG_WARN_COMMA = YES;
				CLANG_WARN_CONSTANT_CONVERSION = YES;
				CLANG_WARN_DEPRECATED_OBJC_IMPLEMENTATIONS = YES;
				CLANG_WARN_DIRECT_OBJC_ISA_USAGE = YES_ERROR;
				CLANG_WARN_DOCUMENTATION_COMMENTS = YES;
				CLANG_WARN_EMPTY_BODY = YES;
				CLANG_WARN_ENUM_CONVERSION = YES;
				CLANG_WARN_INFINITE_RECURSION = YES;
				CLANG_WARN_INT_CONVERSION = YES;
				CLANG_WARN_NON_LITERAL_NULL_CONVERSION = YES;
				CLANG_WARN_OBJC_IMPLICIT_RETAIN_SELF = YES;
				CLANG_WARN_OBJC_LITERAL_CONVERSION = YES;
				CLANG_WARN_OBJC_ROOT_CLASS = YES_ERROR;
				CLANG_WARN_RANGE_LOOP_ANALYSIS = YES;
				CLANG_WARN_STRICT_PROTOTYPES = YES;
				CLANG_WARN_SUSPICIOUS_MOVE = YES;
				CLANG_WARN_UNGUARDED_AVAILABILITY = YES_AGGRESSIVE;
				CLANG_WARN_UNREACHABLE_CODE = YES;
				CLANG_WARN__DUPLICATE_METHOD_MATCH = YES;
				COPY_PHASE_STRIP = NO;
				DEBUG_INFORMATION_FORMAT = "dwarf-with-dsym";
				ENABLE_NS_ASSERTIONS = NO;
				ENABLE_STRICT_OBJC_MSGSEND = YES;
				GCC_C_LANGUAGE_STANDARD = gnu11;
				GCC_NO_COMMON_BLOCKS = YES;
				GCC_WARN_64_TO_32_BIT_CONVERSION = YES;
				GCC_WARN_ABOUT_RETURN_TYPE = YES_ERROR;
				GCC_WARN_UNDECLARED_SELECTOR = YES;
				GCC_WARN_UNINITIALIZED_AUTOS = YES_AGGRESSIVE;
				GCC_WARN_UNUSED_FUNCTION = YES;
				GCC_WARN_UNUSED_VARIABLE = YES;
				IPHONEOS_DEPLOYMENT_TARGET = 13.6;
				MTL_ENABLE_DEBUG_INFO = NO;
				MTL_FAST_MATH = YES;
				SDKROOT = iphoneos;
				VALIDATE_PRODUCT = YES;
			};
			name = Release;
		};
		3738C6E324D0EE0B0010AFBB /* Debug */ = {
			isa = XCBuildConfiguration;
			buildSettings = {
				ASSETCATALOG_COMPILER_APPICON_NAME = AppIcon;
				CODE_SIGN_STYLE = Automatic;
				DEVELOPMENT_TEAM = 2Y4WGGR85Z;
				INFOPLIST_FILE = DigitalFrame/Info.plist;
				IPHONEOS_DEPLOYMENT_TARGET = 13.0;
				LD_RUNPATH_SEARCH_PATHS = (
					"$(inherited)",
					"@executable_path/Frameworks",
				);
				PRODUCT_BUNDLE_IDENTIFIER = sam.DigitalFrame;
				PRODUCT_NAME = "$(TARGET_NAME)";
				TARGETED_DEVICE_FAMILY = "1,2";
			};
			name = Debug;
		};
		3738C6E424D0EE0B0010AFBB /* Release */ = {
			isa = XCBuildConfiguration;
			buildSettings = {
				ASSETCATALOG_COMPILER_APPICON_NAME = AppIcon;
				CODE_SIGN_STYLE = Automatic;
				DEVELOPMENT_TEAM = 2Y4WGGR85Z;
				INFOPLIST_FILE = DigitalFrame/Info.plist;
				IPHONEOS_DEPLOYMENT_TARGET = 13.0;
				LD_RUNPATH_SEARCH_PATHS = (
					"$(inherited)",
					"@executable_path/Frameworks",
				);
				PRODUCT_BUNDLE_IDENTIFIER = sam.DigitalFrame;
				PRODUCT_NAME = "$(TARGET_NAME)";
				TARGETED_DEVICE_FAMILY = "1,2";
			};
			name = Release;
		};
/* End XCBuildConfiguration section */

/* Begin XCConfigurationList section */
		3738C6C424D0EE080010AFBB /* Build configuration list for PBXProject "DigitalFrame" */ = {
			isa = XCConfigurationList;
			buildConfigurations = (
				3738C6E024D0EE0B0010AFBB /* Debug */,
				3738C6E124D0EE0B0010AFBB /* Release */,
			);
			defaultConfigurationIsVisible = 0;
			defaultConfigurationName = Release;
		};
		3738C6E224D0EE0B0010AFBB /* Build configuration list for PBXNativeTarget "DigitalFrame" */ = {
			isa = XCConfigurationList;
			buildConfigurations = (
				3738C6E324D0EE0B0010AFBB /* Debug */,
				3738C6E424D0EE0B0010AFBB /* Release */,
			);
			defaultConfigurationIsVisible = 0;
			defaultConfigurationName = Release;
		};
/* End XCConfigurationList section */
	};
	rootObject = 3738C6C124D0EE080010AFBB /* Project object */;
}
